// !$*UTF8*$!
{
	archiveVersion = 1;
	classes = {
	};
	objectVersion = 48;
	objects = {

/* Begin PBXBuildFile section */
		2313AAE61FC145F200A19977 /* AppDelegate.swift in Sources */ = {isa = PBXBuildFile; fileRef = 2313AAE51FC145F200A19977 /* AppDelegate.swift */; };
		2313AAE81FC145F200A19977 /* ViewController.swift in Sources */ = {isa = PBXBuildFile; fileRef = 2313AAE71FC145F200A19977 /* ViewController.swift */; };
		2313AAEB1FC145F200A19977 /* Main.storyboard in Resources */ = {isa = PBXBuildFile; fileRef = 2313AAE91FC145F200A19977 /* Main.storyboard */; };
		2313AAEE1FC145F200A19977 /* BeastList.xcdatamodeld in Sources */ = {isa = PBXBuildFile; fileRef = 2313AAEC1FC145F200A19977 /* BeastList.xcdatamodeld */; };
		2313AAF01FC145F200A19977 /* Assets.xcassets in Resources */ = {isa = PBXBuildFile; fileRef = 2313AAEF1FC145F200A19977 /* Assets.xcassets */; };
		2313AAF31FC145F200A19977 /* LaunchScreen.storyboard in Resources */ = {isa = PBXBuildFile; fileRef = 2313AAF11FC145F200A19977 /* LaunchScreen.storyboard */; };
/* End PBXBuildFile section */

/* Begin PBXFileReference section */
		2313AAE21FC145F200A19977 /* BeastList.app */ = {isa = PBXFileReference; explicitFileType = wrapper.application; includeInIndex = 0; path = BeastList.app; sourceTree = BUILT_PRODUCTS_DIR; };
		2313AAE51FC145F200A19977 /* AppDelegate.swift */ = {isa = PBXFileReference; lastKnownFileType = sourcecode.swift; path = AppDelegate.swift; sourceTree = "<group>"; };
		2313AAE71FC145F200A19977 /* ViewController.swift */ = {isa = PBXFileReference; lastKnownFileType = sourcecode.swift; path = ViewController.swift; sourceTree = "<group>"; };
		2313AAEA1FC145F200A19977 /* Base */ = {isa = PBXFileReference; lastKnownFileType = file.storyboard; name = Base; path = Base.lproj/Main.storyboard; sourceTree = "<group>"; };
		2313AAED1FC145F200A19977 /* BeastList.xcdatamodel */ = {isa = PBXFileReference; lastKnownFileType = wrapper.xcdatamodel; path = BeastList.xcdatamodel; sourceTree = "<group>"; };
		2313AAEF1FC145F200A19977 /* Assets.xcassets */ = {isa = PBXFileReference; lastKnownFileType = folder.assetcatalog; path = Assets.xcassets; sourceTree = "<group>"; };
		2313AAF21FC145F200A19977 /* Base */ = {isa = PBXFileReference; lastKnownFileType = file.storyboard; name = Base; path = Base.lproj/LaunchScreen.storyboard; sourceTree = "<group>"; };
		2313AAF41FC145F200A19977 /* Info.plist */ = {isa = PBXFileReference; lastKnownFileType = text.plist.xml; path = Info.plist; sourceTree = "<group>"; };
/* End PBXFileReference section */

/* Begin PBXFrameworksBuildPhase section */
		2313AADF1FC145F200A19977 /* Frameworks */ = {
			isa = PBXFrameworksBuildPhase;
			buildActionMask = 2147483647;
			files = (
			);
			runOnlyForDeploymentPostprocessing = 0;
		};
/* End PBXFrameworksBuildPhase section */

/* Begin PBXGroup section */
		2313AAD91FC145F200A19977 = {
			isa = PBXGroup;
			children = (
				2313AAE41FC145F200A19977 /* BeastList */,
				2313AAE31FC145F200A19977 /* Products */,
			);
			sourceTree = "<group>";
		};
		2313AAE31FC145F200A19977 /* Products */ = {
			isa = PBXGroup;
			children = (
				2313AAE21FC145F200A19977 /* BeastList.app */,
			);
			name = Products;
			sourceTree = "<group>";
		};
		2313AAE41FC145F200A19977 /* BeastList */ = {
			isa = PBXGroup;
			children = (
				2313AAE51FC145F200A19977 /* AppDelegate.swift */,
				2313AAE71FC145F200A19977 /* ViewController.swift */,
				2313AAE91FC145F200A19977 /* Main.storyboard */,
				2313AAEF1FC145F200A19977 /* Assets.xcassets */,
				2313AAF11FC145F200A19977 /* LaunchScreen.storyboard */,
				2313AAF41FC145F200A19977 /* Info.plist */,
				2313AAEC1FC145F200A19977 /* BeastList.xcdatamodeld */,
			);
			path = BeastList;
			sourceTree = "<group>";
		};
/* End PBXGroup section */

/* Begin PBXNativeTarget section */
		2313AAE11FC145F200A19977 /* BeastList */ = {
			isa = PBXNativeTarget;
			buildConfigurationList = 2313AAF71FC145F200A19977 /* Build configuration list for PBXNativeTarget "BeastList" */;
			buildPhases = (
				2313AADE1FC145F200A19977 /* Sources */,
				2313AADF1FC145F200A19977 /* Frameworks */,
				2313AAE01FC145F200A19977 /* Resources */,
			);
			buildRules = (
			);
			dependencies = (
			);
			name = BeastList;
			productName = BeastList;
			productReference = 2313AAE21FC145F200A19977 /* BeastList.app */;
			productType = "com.apple.product-type.application";
		};
/* End PBXNativeTarget section */

/* Begin PBXProject section */
		2313AADA1FC145F200A19977 /* Project object */ = {
			isa = PBXProject;
			attributes = {
				LastSwiftUpdateCheck = 0910;
				LastUpgradeCheck = 0910;
				ORGANIZATIONNAME = "elva wang";
				TargetAttributes = {
					2313AAE11FC145F200A19977 = {
						CreatedOnToolsVersion = 9.1;
						ProvisioningStyle = Automatic;
					};
				};
			};
			buildConfigurationList = 2313AADD1FC145F200A19977 /* Build configuration list for PBXProject "BeastList" */;
			compatibilityVersion = "Xcode 8.0";
			developmentRegion = en;
			hasScannedForEncodings = 0;
			knownRegions = (
				en,
				Base,
			);
			mainGroup = 2313AAD91FC145F200A19977;
			productRefGroup = 2313AAE31FC145F200A19977 /* Products */;
			projectDirPath = "";
			projectRoot = "";
			targets = (
				2313AAE11FC145F200A19977 /* BeastList */,
			);
		};
/* End PBXProject section */

/* Begin PBXResourcesBuildPhase section */
		2313AAE01FC145F200A19977 /* Resources */ = {
			isa = PBXResourcesBuildPhase;
			buildActionMask = 2147483647;
			files = (
				2313AAF31FC145F200A19977 /* LaunchScreen.storyboard in Resources */,
				2313AAF01FC145F200A19977 /* Assets.xcassets in Resources */,
				2313AAEB1FC145F200A19977 /* Main.storyboard in Resources */,
			);
			runOnlyForDeploymentPostprocessing = 0;
		};
/* End PBXResourcesBuildPhase section */

/* Begin PBXSourcesBuildPhase section */
		2313AADE1FC145F200A19977 /* Sources */ = {
			isa = PBXSourcesBuildPhase;
			buildActionMask = 2147483647;
			files = (
				2313AAE81FC145F200A19977 /* ViewController.swift in Sources */,
				2313AAE61FC145F200A19977 /* AppDelegate.swift in Sources */,
				2313AAEE1FC145F200A19977 /* BeastList.xcdatamodeld in Sources */,
			);
			runOnlyForDeploymentPostprocessing = 0;
		};
/* End PBXSourcesBuildPhase section */

/* Begin PBXVariantGroup section */
		2313AAE91FC145F200A19977 /* Main.storyboard */ = {
			isa = PBXVariantGroup;
			children = (
				2313AAEA1FC145F200A19977 /* Base */,
			);
			name = Main.storyboard;
			sourceTree = "<group>";
		};
		2313AAF11FC145F200A19977 /* LaunchScreen.storyboard */ = {
			isa = PBXVariantGroup;
			children = (
				2313AAF21FC145F200A19977 /* Base */,
			);
			name = LaunchScreen.storyboard;
			sourceTree = "<group>";
		};
/* End PBXVariantGroup section */

/* Begin XCBuildConfiguration section */
		2313AAF51FC145F200A19977 /* Debug */ = {
			isa = XCBuildConfiguration;
			buildSettings = {
				ALWAYS_SEARCH_USER_PATHS = NO;
				CLANG_ANALYZER_NONNULL = YES;
				CLANG_ANALYZER_NUMBER_OBJECT_CONVERSION = YES_AGGRESSIVE;
				CLANG_CXX_LANGUAGE_STANDARD = "gnu++14";
				CLANG_CXX_LIBRARY = "libc++";
				CLANG_ENABLE_MODULES = YES;
				CLANG_ENABLE_OBJC_ARC = YES;
				CLANG_WARN_BLOCK_CAPTURE_AUTORELEASING = YES;
				CLANG_WARN_BOOL_CONVERSION = YES;
				CLANG_WARN_COMMA = YES;
				CLANG_WARN_CONSTANT_CONVERSION = YES;
				CLANG_WARN_DIRECT_OBJC_ISA_USAGE = YES_ERROR;
				CLANG_WARN_DOCUMENTATION_COMMENTS = YES;
				CLANG_WARN_EMPTY_BODY = YES;
				CLANG_WARN_ENUM_CONVERSION = YES;
				CLANG_WARN_INFINITE_RECURSION = YES;
				CLANG_WARN_INT_CONVERSION = YES;
				CLANG_WARN_NON_LITERAL_NULL_CONVERSION = YES;
				CLANG_WARN_OBJC_LITERAL_CONVERSION = YES;
				CLANG_WARN_OBJC_ROOT_CLASS = YES_ERROR;
				CLANG_WARN_RANGE_LOOP_ANALYSIS = YES;
				CLANG_WARN_STRICT_PROTOTYPES = YES;
				CLANG_WARN_SUSPICIOUS_MOVE = YES;
				CLANG_WARN_UNGUARDED_AVAILABILITY = YES_AGGRESSIVE;
				CLANG_WARN_UNREACHABLE_CODE = YES;
				CLANG_WARN__DUPLICATE_METHOD_MATCH = YES;
				CODE_SIGN_IDENTITY = "iPhone Developer";
				COPY_PHASE_STRIP = NO;
				DEBUG_INFORMATION_FORMAT = dwarf;
				ENABLE_STRICT_OBJC_MSGSEND = YES;
				ENABLE_TESTABILITY = YES;
				GCC_C_LANGUAGE_STANDARD = gnu11;
				GCC_DYNAMIC_NO_PIC = NO;
				GCC_NO_COMMON_BLOCKS = YES;
				GCC_OPTIMIZATION_LEVEL = 0;
				GCC_PREPROCESSOR_DEFINITIONS = (
					"DEBUG=1",
					"$(inherited)",
				);
				GCC_WARN_64_TO_32_BIT_CONVERSION = YES;
				GCC_WARN_ABOUT_RETURN_TYPE = YES_ERROR;
				GCC_WARN_UNDECLARED_SELECTOR = YES;
				GCC_WARN_UNINITIALIZED_AUTOS = YES_AGGRESSIVE;
				GCC_WARN_UNUSED_FUNCTION = YES;
				GCC_WARN_UNUSED_VARIABLE = YES;
				IPHONEOS_DEPLOYMENT_TARGET = 11.1;
				MTL_ENABLE_DEBUG_INFO = YES;
				ONLY_ACTIVE_ARCH = YES;
				SDKROOT = iphoneos;
				SWIFT_ACTIVE_COMPILATION_CONDITIONS = DEBUG;
				SWIFT_OPTIMIZATION_LEVEL = "-Onone";
			};
			name = Debug;
		};
		2313AAF61FC145F200A19977 /* Release */ = {
			isa = XCBuildConfiguration;
			buildSettings = {
				ALWAYS_SEARCH_USER_PATHS = NO;
				CLANG_ANALYZER_NONNULL = YES;
				CLANG_ANALYZER_NUMBER_OBJECT_CONVERSION = YES_AGGRESSIVE;
				CLANG_CXX_LANGUAGE_STANDARD = "gnu++14";
				CLANG_CXX_LIBRARY = "libc++";
				CLANG_ENABLE_MODULES = YES;
				CLANG_ENABLE_OBJC_ARC = YES;
				CLANG_WARN_BLOCK_CAPTURE_AUTORELEASING = YES;
				CLANG_WARN_BOOL_CONVERSION = YES;
				CLANG_WARN_COMMA = YES;
				CLANG_WARN_CONSTANT_CONVERSION = YES;
				CLANG_WARN_DIRECT_OBJC_ISA_USAGE = YES_ERROR;
				CLANG_WARN_DOCUMENTATION_COMMENTS = YES;
				CLANG_WARN_EMPTY_BODY = YES;
				CLANG_WARN_ENUM_CONVERSION = YES;
				CLANG_WARN_INFINITE_RECURSION = YES;
				CLANG_WARN_INT_CONVERSION = YES;
				CLANG_WARN_NON_LITERAL_NULL_CONVERSION = YES;
				CLANG_WARN_OBJC_LITERAL_CONVERSION = YES;
				CLANG_WARN_OBJC_ROOT_CLASS = YES_ERROR;
				CLANG_WARN_RANGE_LOOP_ANALYSIS = YES;
				CLANG_WARN_STRICT_PROTOTYPES = YES;
				CLANG_WARN_SUSPICIOUS_MOVE = YES;
				CLANG_WARN_UNGUARDED_AVAILABILITY = YES_AGGRESSIVE;
				CLANG_WARN_UNREACHABLE_CODE = YES;
				CLANG_WARN__DUPLICATE_METHOD_MATCH = YES;
				CODE_SIGN_IDENTITY = "iPhone Developer";
				COPY_PHASE_STRIP = NO;
				DEBUG_INFORMATION_FORMAT = "dwarf-with-dsym";
				ENABLE_NS_ASSERTIONS = NO;
				ENABLE_STRICT_OBJC_MSGSEND = YES;
				GCC_C_LANGUAGE_STANDARD = gnu11;
				GCC_NO_COMMON_BLOCKS = YES;
				GCC_WARN_64_TO_32_BIT_CONVERSION = YES;
				GCC_WARN_ABOUT_RETURN_TYPE = YES_ERROR;
				GCC_WARN_UNDECLARED_SELECTOR = YES;
				GCC_WARN_UNINITIALIZED_AUTOS = YES_AGGRESSIVE;
				GCC_WARN_UNUSED_FUNCTION = YES;
				GCC_WARN_UNUSED_VARIABLE = YES;
				IPHONEOS_DEPLOYMENT_TARGET = 11.1;
				MTL_ENABLE_DEBUG_INFO = NO;
				SDKROOT = iphoneos;
				SWIFT_OPTIMIZATION_LEVEL = "-Owholemodule";
				VALIDATE_PRODUCT = YES;
			};
			name = Release;
		};
		2313AAF81FC145F200A19977 /* Debug */ = {
			isa = XCBuildConfiguration;
			buildSettings = {
				ASSETCATALOG_COMPILER_APPICON_NAME = AppIcon;
				CODE_SIGN_STYLE = Automatic;
				INFOPLIST_FILE = BeastList/Info.plist;
				LD_RUNPATH_SEARCH_PATHS = "$(inherited) @executable_path/Frameworks";
				PRODUCT_BUNDLE_IDENTIFIER = com.V.BeastList;
				PRODUCT_NAME = "$(TARGET_NAME)";
				SWIFT_VERSION = 4.0;
				TARGETED_DEVICE_FAMILY = "1,2";
			};
			name = Debug;
		};
		2313AAF91FC145F200A19977 /* Release */ = {
			isa = XCBuildConfiguration;
			buildSettings = {
				ASSETCATALOG_COMPILER_APPICON_NAME = AppIcon;
				CODE_SIGN_STYLE = Automatic;
				INFOPLIST_FILE = BeastList/Info.plist;
				LD_RUNPATH_SEARCH_PATHS = "$(inherited) @executable_path/Frameworks";
				PRODUCT_BUNDLE_IDENTIFIER = com.V.BeastList;
				PRODUCT_NAME = "$(TARGET_NAME)";
				SWIFT_VERSION = 4.0;
				TARGETED_DEVICE_FAMILY = "1,2";
			};
			name = Release;
		};
/* End XCBuildConfiguration section */

/* Begin XCConfigurationList section */
		2313AADD1FC145F200A19977 /* Build configuration list for PBXProject "BeastList" */ = {
			isa = XCConfigurationList;
			buildConfigurations = (
				2313AAF51FC145F200A19977 /* Debug */,
				2313AAF61FC145F200A19977 /* Release */,
			);
			defaultConfigurationIsVisible = 0;
			defaultConfigurationName = Release;
		};
		2313AAF71FC145F200A19977 /* Build configuration list for PBXNativeTarget "BeastList" */ = {
			isa = XCConfigurationList;
			buildConfigurations = (
				2313AAF81FC145F200A19977 /* Debug */,
				2313AAF91FC145F200A19977 /* Release */,
			);
			defaultConfigurationIsVisible = 0;
			defaultConfigurationName = Release;
		};
/* End XCConfigurationList section */

/* Begin XCVersionGroup section */
		2313AAEC1FC145F200A19977 /* BeastList.xcdatamodeld */ = {
			isa = XCVersionGroup;
			children = (
				2313AAED1FC145F200A19977 /* BeastList.xcdatamodel */,
			);
			currentVersion = 2313AAED1FC145F200A19977 /* BeastList.xcdatamodel */;
			path = BeastList.xcdatamodeld;
			sourceTree = "<group>";
			versionGroupType = wrapper.xcdatamodel;
		};
/* End XCVersionGroup section */
	};
	rootObject = 2313AADA1FC145F200A19977 /* Project object */;
}
